
Microsoft Visual Studio Solution File, Format Version 12.00
# Visual Studio Version 17
VisualStudioVersion = 17.8.34322.80
MinimumVisualStudioVersion = 10.0.40219.1
Project("{FAE04EC0-301F-11D3-BF4B-00C04F79EFBC}") = "HelloWorld", "HelloWorld\HelloWorld.csproj", "{11B133A8-D5AC-4269-8ADC-95DAE291B2B6}"
EndProject
Global
	GlobalSection(SolutionConfigurationPlatforms) = preSolution
		Debug|Any CPU = Debug|Any CPU
		Release|Any CPU = Release|Any CPU
	EndGlobalSection
	GlobalSection(ProjectConfigurationPlatforms) = postSolution
		{11B133A8-D5AC-4269-8ADC-95DAE291B2B6}.Debug|Any CPU.ActiveCfg = Debug|Any CPU
		{11B133A8-D5AC-4269-8ADC-95DAE291B2B6}.Debug|Any CPU.Build.0 = Debug|Any CPU
		{11B133A8-D5AC-4269-8ADC-95DAE291B2B6}.Release|Any CPU.ActiveCfg = Release|Any CPU
		{11B133A8-D5AC-4269-8ADC-95DAE291B2B6}.Release|Any CPU.Build.0 = Release|Any CPU
	EndGlobalSection
	GlobalSection(SolutionProperties) = preSolution
		HideSolutionNode = FALSE
	EndGlobalSection
	GlobalSection(ExtensibilityGlobals) = postSolution
		SolutionGuid = {A0A7097F-18B5-40CF-9DA6-55715A36EF16}
	EndGlobalSection
EndGlobal
